# This file is automatically @generated by Poetry 2.1.3 and should not be changed by hand.

[[package]]
name = "gaze-tracking"
version = "0.0.1"
description = "Gaze tracking"
optional = false
python-versions = "*"
groups = ["main"]
files = [
    {file = "gaze_tracking-0.0.1-py3-none-any.whl", hash = "sha256:6d861d8a3a5b13dccb3c6a679a66e7e413746a0e516a4f796889515eb18d98ca"},
]

[metadata]
lock-version = "2.1"
python-versions = "*"
content-hash = "66ac68af41fd3fb38e47b82c730548fa677a6cf14bf6421109c1fc3ed8ae0168"
